
Microsoft Visual Studio Solution File, Format Version 12.00
# Visual Studio Version 17
VisualStudioVersion = 17.4.33213.308
MinimumVisualStudioVersion = 10.0.40219.1
Project("{FAE04EC0-301F-11D3-BF4B-00C04F79EFBC}") = "spaceRaders", "spaceRaders\spaceRaders.csproj", "{B4F6B078-ECA0-4DD1-BA57-591F956E1DCD}"
EndProject
Global
	GlobalSection(SolutionConfigurationPlatforms) = preSolution
		Debug|Any CPU = Debug|Any CPU
		Release|Any CPU = Release|Any CPU
	EndGlobalSection
	GlobalSection(ProjectConfigurationPlatforms) = postSolution
		{B4F6B078-ECA0-4DD1-BA57-591F956E1DCD}.Debug|Any CPU.ActiveCfg = Debug|Any CPU
		{B4F6B078-ECA0-4DD1-BA57-591F956E1DCD}.Debug|Any CPU.Build.0 = Debug|Any CPU
		{B4F6B078-ECA0-4DD1-BA57-591F956E1DCD}.Release|Any CPU.ActiveCfg = Release|Any CPU
		{B4F6B078-ECA0-4DD1-BA57-591F956E1DCD}.Release|Any CPU.Build.0 = Release|Any CPU
	EndGlobalSection
	GlobalSection(SolutionProperties) = preSolution
		HideSolutionNode = FALSE
	EndGlobalSection
	GlobalSection(ExtensibilityGlobals) = postSolution
		SolutionGuid = {62A7555E-4661-4716-BCD4-660949A9019A}
	EndGlobalSection
EndGlobal
